{
  "name": "@uri-twin/plesk",
  "version": "0.2.3",
  "lockfileVersion": 3,
  "requires": true,
  "packages": {
    "": {
      "name": "@uri-twin/plesk",
      "version": "0.2.3",
      "dependencies": {
        "@uri-twin/core": "github:uri-twin/uri-twin-core#v0.2.3"
      },
      "engines": {
        "node": ">=20"
      }
    },
    "node_modules/@uri-twin/core": {
      "version": "0.2.3",
      "resolved": "git+ssh://git@github.com/uri-twin/uri-twin-core.git#8ed3864a887ee2d9e46fc146de6859dbbdde4d02",
      "engines": {
        "node": ">=20"
      }
    }
  }
}
