{
  "name": "@uri-twin/plesk",
  "version": "0.1.0",
  "lockfileVersion": 3,
  "requires": true,
  "packages": {
    "": {
      "name": "@uri-twin/plesk",
      "version": "0.1.0",
      "dependencies": {
        "@uri-twin/core": "file:../uri-twin-core"
      },
      "engines": {
        "node": ">=20"
      }
    },
    "../uri-twin-core": {
      "name": "@uri-twin/core",
      "version": "0.1.0",
      "engines": {
        "node": ">=20"
      }
    },
    "node_modules/@uri-twin/core": {
      "resolved": "../uri-twin-core",
      "link": true
    }
  }
}
