{
  "name": "@uri-twin/plesk",
  "version": "0.2.0",
  "lockfileVersion": 3,
  "requires": true,
  "packages": {
    "": {
      "name": "@uri-twin/plesk",
      "version": "0.2.0",
      "dependencies": {
        "@uri-twin/core": "git+https://github.com/uri-twin/uri-twin-core.git#v0.2.0"
      },
      "engines": {
        "node": ">=20"
      }
    },
    "node_modules/@uri-twin/core": {
      "version": "0.2.0",
      "resolved": "git+ssh://git@github.com/uri-twin/uri-twin-core.git#97da945d6bc60bb12ff1e0a52c2baf4f35d78407",
      "engines": {
        "node": ">=20"
      }
    }
  }
}
